
Microsoft Visual Studio Solution File, Format Version 12.00
# Visual Studio Version 17
VisualStudioVersion = 17.2.32602.215
MinimumVisualStudioVersion = 10.0.40219.1
Project("{FAE04EC0-301F-11D3-BF4B-00C04F79EFBC}") = "03. Sum Prime Non Prime", "03. Sum Prime Non Prime\03. Sum Prime Non Prime.csproj", "{30C673C1-282D-4357-BFAE-48E012C30CE5}"
EndProject
Global
	GlobalSection(SolutionConfigurationPlatforms) = preSolution
		Debug|Any CPU = Debug|Any CPU
		Release|Any CPU = Release|Any CPU
	EndGlobalSection
	GlobalSection(ProjectConfigurationPlatforms) = postSolution
		{30C673C1-282D-4357-BFAE-48E012C30CE5}.Debug|Any CPU.ActiveCfg = Debug|Any CPU
		{30C673C1-282D-4357-BFAE-48E012C30CE5}.Debug|Any CPU.Build.0 = Debug|Any CPU
		{30C673C1-282D-4357-BFAE-48E012C30CE5}.Release|Any CPU.ActiveCfg = Release|Any CPU
		{30C673C1-282D-4357-BFAE-48E012C30CE5}.Release|Any CPU.Build.0 = Release|Any CPU
	EndGlobalSection
	GlobalSection(SolutionProperties) = preSolution
		HideSolutionNode = FALSE
	EndGlobalSection
	GlobalSection(ExtensibilityGlobals) = postSolution
		SolutionGuid = {AB4E2849-FA48-4C94-A42C-19752F983B07}
	EndGlobalSection
EndGlobal
