
Microsoft Visual Studio Solution File, Format Version 12.00
# Visual Studio Version 17
VisualStudioVersion = 17.2.32519.379
MinimumVisualStudioVersion = 10.0.40219.1
Project("{FAE04EC0-301F-11D3-BF4B-00C04F79EFBC}") = "08.OnTimefortheExam", "08.OnTimefortheExam\08.OnTimefortheExam.csproj", "{32665F46-271C-4142-A919-35D0127A1D94}"
EndProject
Global
	GlobalSection(SolutionConfigurationPlatforms) = preSolution
		Debug|Any CPU = Debug|Any CPU
		Release|Any CPU = Release|Any CPU
	EndGlobalSection
	GlobalSection(ProjectConfigurationPlatforms) = postSolution
		{32665F46-271C-4142-A919-35D0127A1D94}.Debug|Any CPU.ActiveCfg = Debug|Any CPU
		{32665F46-271C-4142-A919-35D0127A1D94}.Debug|Any CPU.Build.0 = Debug|Any CPU
		{32665F46-271C-4142-A919-35D0127A1D94}.Release|Any CPU.ActiveCfg = Release|Any CPU
		{32665F46-271C-4142-A919-35D0127A1D94}.Release|Any CPU.Build.0 = Release|Any CPU
	EndGlobalSection
	GlobalSection(SolutionProperties) = preSolution
		HideSolutionNode = FALSE
	EndGlobalSection
	GlobalSection(ExtensibilityGlobals) = postSolution
		SolutionGuid = {6E050289-6A0E-4091-9111-D2F471F9FBCC}
	EndGlobalSection
EndGlobal
