
Microsoft Visual Studio Solution File, Format Version 12.00
# Visual Studio Version 17
VisualStudioVersion = 17.2.32526.322
MinimumVisualStudioVersion = 10.0.40219.1
Project("{FAE04EC0-301F-11D3-BF4B-00C04F79EFBC}") = "01. Read Text", "01. Read Text\01. Read Text.csproj", "{6DC3ADA3-D366-4825-9220-CFF1D804BC53}"
EndProject
Global
	GlobalSection(SolutionConfigurationPlatforms) = preSolution
		Debug|Any CPU = Debug|Any CPU
		Release|Any CPU = Release|Any CPU
	EndGlobalSection
	GlobalSection(ProjectConfigurationPlatforms) = postSolution
		{6DC3ADA3-D366-4825-9220-CFF1D804BC53}.Debug|Any CPU.ActiveCfg = Debug|Any CPU
		{6DC3ADA3-D366-4825-9220-CFF1D804BC53}.Debug|Any CPU.Build.0 = Debug|Any CPU
		{6DC3ADA3-D366-4825-9220-CFF1D804BC53}.Release|Any CPU.ActiveCfg = Release|Any CPU
		{6DC3ADA3-D366-4825-9220-CFF1D804BC53}.Release|Any CPU.Build.0 = Release|Any CPU
	EndGlobalSection
	GlobalSection(SolutionProperties) = preSolution
		HideSolutionNode = FALSE
	EndGlobalSection
	GlobalSection(ExtensibilityGlobals) = postSolution
		SolutionGuid = {69B515D6-78A9-4F30-8135-C81D4C20F0CB}
	EndGlobalSection
EndGlobal
