
Microsoft Visual Studio Solution File, Format Version 12.00
# Visual Studio Version 17
VisualStudioVersion = 17.2.32526.322
MinimumVisualStudioVersion = 10.0.40219.1
Project("{FAE04EC0-301F-11D3-BF4B-00C04F79EFBC}") = "02. Exam Preparation", "02. Exam Preparation\02. Exam Preparation.csproj", "{D5603ADD-3AA5-42B1-A069-125DB722BDCE}"
EndProject
Global
	GlobalSection(SolutionConfigurationPlatforms) = preSolution
		Debug|Any CPU = Debug|Any CPU
		Release|Any CPU = Release|Any CPU
	EndGlobalSection
	GlobalSection(ProjectConfigurationPlatforms) = postSolution
		{D5603ADD-3AA5-42B1-A069-125DB722BDCE}.Debug|Any CPU.ActiveCfg = Debug|Any CPU
		{D5603ADD-3AA5-42B1-A069-125DB722BDCE}.Debug|Any CPU.Build.0 = Debug|Any CPU
		{D5603ADD-3AA5-42B1-A069-125DB722BDCE}.Release|Any CPU.ActiveCfg = Release|Any CPU
		{D5603ADD-3AA5-42B1-A069-125DB722BDCE}.Release|Any CPU.Build.0 = Release|Any CPU
	EndGlobalSection
	GlobalSection(SolutionProperties) = preSolution
		HideSolutionNode = FALSE
	EndGlobalSection
	GlobalSection(ExtensibilityGlobals) = postSolution
		SolutionGuid = {2E501D37-A5EE-4281-B728-BC751073F228}
	EndGlobalSection
EndGlobal
