
Microsoft Visual Studio Solution File, Format Version 12.00
# Visual Studio Version 17
VisualStudioVersion = 17.2.32519.379
MinimumVisualStudioVersion = 10.0.40219.1
Project("{FAE04EC0-301F-11D3-BF4B-00C04F79EFBC}") = "04.EvenPowersof2", "04.EvenPowersof2\04.EvenPowersof2.csproj", "{51FE4FFF-5965-407C-854C-761F7A2BF17B}"
EndProject
Global
	GlobalSection(SolutionConfigurationPlatforms) = preSolution
		Debug|Any CPU = Debug|Any CPU
		Release|Any CPU = Release|Any CPU
	EndGlobalSection
	GlobalSection(ProjectConfigurationPlatforms) = postSolution
		{51FE4FFF-5965-407C-854C-761F7A2BF17B}.Debug|Any CPU.ActiveCfg = Debug|Any CPU
		{51FE4FFF-5965-407C-854C-761F7A2BF17B}.Debug|Any CPU.Build.0 = Debug|Any CPU
		{51FE4FFF-5965-407C-854C-761F7A2BF17B}.Release|Any CPU.ActiveCfg = Release|Any CPU
		{51FE4FFF-5965-407C-854C-761F7A2BF17B}.Release|Any CPU.Build.0 = Release|Any CPU
	EndGlobalSection
	GlobalSection(SolutionProperties) = preSolution
		HideSolutionNode = FALSE
	EndGlobalSection
	GlobalSection(ExtensibilityGlobals) = postSolution
		SolutionGuid = {0E197AB6-6B24-475A-B100-A8EB4576834A}
	EndGlobalSection
EndGlobal
