
Microsoft Visual Studio Solution File, Format Version 12.00
# Visual Studio Version 17
VisualStudioVersion = 17.2.32526.322
MinimumVisualStudioVersion = 10.0.40219.1
Project("{FAE04EC0-301F-11D3-BF4B-00C04F79EFBC}") = "08. Graduation", "08. Graduation\08. Graduation.csproj", "{3156B226-000C-419F-8805-69F05AE13569}"
EndProject
Global
	GlobalSection(SolutionConfigurationPlatforms) = preSolution
		Debug|Any CPU = Debug|Any CPU
		Release|Any CPU = Release|Any CPU
	EndGlobalSection
	GlobalSection(ProjectConfigurationPlatforms) = postSolution
		{3156B226-000C-419F-8805-69F05AE13569}.Debug|Any CPU.ActiveCfg = Debug|Any CPU
		{3156B226-000C-419F-8805-69F05AE13569}.Debug|Any CPU.Build.0 = Debug|Any CPU
		{3156B226-000C-419F-8805-69F05AE13569}.Release|Any CPU.ActiveCfg = Release|Any CPU
		{3156B226-000C-419F-8805-69F05AE13569}.Release|Any CPU.Build.0 = Release|Any CPU
	EndGlobalSection
	GlobalSection(SolutionProperties) = preSolution
		HideSolutionNode = FALSE
	EndGlobalSection
	GlobalSection(ExtensibilityGlobals) = postSolution
		SolutionGuid = {9A51A6A4-1637-4B0C-B1D0-14BD480E050B}
	EndGlobalSection
EndGlobal
