
Microsoft Visual Studio Solution File, Format Version 12.00
# Visual Studio Version 17
VisualStudioVersion = 17.2.32526.322
MinimumVisualStudioVersion = 10.0.40219.1
Project("{FAE04EC0-301F-11D3-BF4B-00C04F79EFBC}") = "05. Account Balance", "05. Account Balance\05. Account Balance.csproj", "{088D4EA3-0079-451E-B40A-FE411FFB4AA4}"
EndProject
Global
	GlobalSection(SolutionConfigurationPlatforms) = preSolution
		Debug|Any CPU = Debug|Any CPU
		Release|Any CPU = Release|Any CPU
	EndGlobalSection
	GlobalSection(ProjectConfigurationPlatforms) = postSolution
		{088D4EA3-0079-451E-B40A-FE411FFB4AA4}.Debug|Any CPU.ActiveCfg = Debug|Any CPU
		{088D4EA3-0079-451E-B40A-FE411FFB4AA4}.Debug|Any CPU.Build.0 = Debug|Any CPU
		{088D4EA3-0079-451E-B40A-FE411FFB4AA4}.Release|Any CPU.ActiveCfg = Release|Any CPU
		{088D4EA3-0079-451E-B40A-FE411FFB4AA4}.Release|Any CPU.Build.0 = Release|Any CPU
	EndGlobalSection
	GlobalSection(SolutionProperties) = preSolution
		HideSolutionNode = FALSE
	EndGlobalSection
	GlobalSection(ExtensibilityGlobals) = postSolution
		SolutionGuid = {7942412A-639B-495C-B93B-1BBCA3643EF8}
	EndGlobalSection
EndGlobal
