
Microsoft Visual Studio Solution File, Format Version 12.00
# Visual Studio Version 17
VisualStudioVersion = 17.2.32519.379
MinimumVisualStudioVersion = 10.0.40219.1
Project("{FAE04EC0-301F-11D3-BF4B-00C04F79EFBC}") = "07.SumNumbers", "07.SumNumbers\07.SumNumbers.csproj", "{FE17B679-E871-4162-91EA-AD3145C16308}"
EndProject
Global
	GlobalSection(SolutionConfigurationPlatforms) = preSolution
		Debug|Any CPU = Debug|Any CPU
		Release|Any CPU = Release|Any CPU
	EndGlobalSection
	GlobalSection(ProjectConfigurationPlatforms) = postSolution
		{FE17B679-E871-4162-91EA-AD3145C16308}.Debug|Any CPU.ActiveCfg = Debug|Any CPU
		{FE17B679-E871-4162-91EA-AD3145C16308}.Debug|Any CPU.Build.0 = Debug|Any CPU
		{FE17B679-E871-4162-91EA-AD3145C16308}.Release|Any CPU.ActiveCfg = Release|Any CPU
		{FE17B679-E871-4162-91EA-AD3145C16308}.Release|Any CPU.Build.0 = Release|Any CPU
	EndGlobalSection
	GlobalSection(SolutionProperties) = preSolution
		HideSolutionNode = FALSE
	EndGlobalSection
	GlobalSection(ExtensibilityGlobals) = postSolution
		SolutionGuid = {31138121-058B-4CAE-B7F0-17AF2F08EB2B}
	EndGlobalSection
EndGlobal
