
Microsoft Visual Studio Solution File, Format Version 12.00
# Visual Studio Version 17
VisualStudioVersion = 17.2.32602.215
MinimumVisualStudioVersion = 10.0.40219.1
Project("{FAE04EC0-301F-11D3-BF4B-00C04F79EFBC}") = "06. Cinema Tickets", "06. Cinema Tickets\06. Cinema Tickets.csproj", "{AA986739-7DCD-49B4-8E27-07F993DA57F9}"
EndProject
Global
	GlobalSection(SolutionConfigurationPlatforms) = preSolution
		Debug|Any CPU = Debug|Any CPU
		Release|Any CPU = Release|Any CPU
	EndGlobalSection
	GlobalSection(ProjectConfigurationPlatforms) = postSolution
		{AA986739-7DCD-49B4-8E27-07F993DA57F9}.Debug|Any CPU.ActiveCfg = Debug|Any CPU
		{AA986739-7DCD-49B4-8E27-07F993DA57F9}.Debug|Any CPU.Build.0 = Debug|Any CPU
		{AA986739-7DCD-49B4-8E27-07F993DA57F9}.Release|Any CPU.ActiveCfg = Release|Any CPU
		{AA986739-7DCD-49B4-8E27-07F993DA57F9}.Release|Any CPU.Build.0 = Release|Any CPU
	EndGlobalSection
	GlobalSection(SolutionProperties) = preSolution
		HideSolutionNode = FALSE
	EndGlobalSection
	GlobalSection(ExtensibilityGlobals) = postSolution
		SolutionGuid = {814354E9-32B1-4826-BBCB-93EA194D538A}
	EndGlobalSection
EndGlobal
