
Microsoft Visual Studio Solution File, Format Version 12.00
# Visual Studio Version 17
VisualStudioVersion = 17.2.32516.85
MinimumVisualStudioVersion = 10.0.40219.1
Project("{FAE04EC0-301F-11D3-BF4B-00C04F79EFBC}") = "11.FruitShop", "11.FruitShop\11.FruitShop.csproj", "{C325F8FC-309B-44E5-AA4A-E1F2F115F729}"
EndProject
Global
	GlobalSection(SolutionConfigurationPlatforms) = preSolution
		Debug|Any CPU = Debug|Any CPU
		Release|Any CPU = Release|Any CPU
	EndGlobalSection
	GlobalSection(ProjectConfigurationPlatforms) = postSolution
		{C325F8FC-309B-44E5-AA4A-E1F2F115F729}.Debug|Any CPU.ActiveCfg = Debug|Any CPU
		{C325F8FC-309B-44E5-AA4A-E1F2F115F729}.Debug|Any CPU.Build.0 = Debug|Any CPU
		{C325F8FC-309B-44E5-AA4A-E1F2F115F729}.Release|Any CPU.ActiveCfg = Release|Any CPU
		{C325F8FC-309B-44E5-AA4A-E1F2F115F729}.Release|Any CPU.Build.0 = Release|Any CPU
	EndGlobalSection
	GlobalSection(SolutionProperties) = preSolution
		HideSolutionNode = FALSE
	EndGlobalSection
	GlobalSection(ExtensibilityGlobals) = postSolution
		SolutionGuid = {4D09437D-CC6D-466C-8721-91355459F1CA}
	EndGlobalSection
EndGlobal
