
Microsoft Visual Studio Solution File, Format Version 12.00
# Visual Studio Version 17
VisualStudioVersion = 17.2.32602.215
MinimumVisualStudioVersion = 10.0.40219.1
Project("{FAE04EC0-301F-11D3-BF4B-00C04F79EFBC}") = "03. Painting Eggs", "03. Painting Eggs\03. Painting Eggs.csproj", "{506F68BE-BC4A-4652-AB37-FDBCF3AAD27C}"
EndProject
Global
	GlobalSection(SolutionConfigurationPlatforms) = preSolution
		Debug|Any CPU = Debug|Any CPU
		Release|Any CPU = Release|Any CPU
	EndGlobalSection
	GlobalSection(ProjectConfigurationPlatforms) = postSolution
		{506F68BE-BC4A-4652-AB37-FDBCF3AAD27C}.Debug|Any CPU.ActiveCfg = Debug|Any CPU
		{506F68BE-BC4A-4652-AB37-FDBCF3AAD27C}.Debug|Any CPU.Build.0 = Debug|Any CPU
		{506F68BE-BC4A-4652-AB37-FDBCF3AAD27C}.Release|Any CPU.ActiveCfg = Release|Any CPU
		{506F68BE-BC4A-4652-AB37-FDBCF3AAD27C}.Release|Any CPU.Build.0 = Release|Any CPU
	EndGlobalSection
	GlobalSection(SolutionProperties) = preSolution
		HideSolutionNode = FALSE
	EndGlobalSection
	GlobalSection(ExtensibilityGlobals) = postSolution
		SolutionGuid = {8AAAF107-E0D1-40D6-A51A-502D966C76DA}
	EndGlobalSection
EndGlobal
