
Microsoft Visual Studio Solution File, Format Version 12.00
# Visual Studio Version 17
VisualStudioVersion = 17.2.32526.322
MinimumVisualStudioVersion = 10.0.40219.1
Project("{FAE04EC0-301F-11D3-BF4B-00C04F79EFBC}") = "03. Histogram", "03. Histogram\03. Histogram.csproj", "{586CF688-4809-47E9-8FC2-AF9B33B3F22F}"
EndProject
Global
	GlobalSection(SolutionConfigurationPlatforms) = preSolution
		Debug|Any CPU = Debug|Any CPU
		Release|Any CPU = Release|Any CPU
	EndGlobalSection
	GlobalSection(ProjectConfigurationPlatforms) = postSolution
		{586CF688-4809-47E9-8FC2-AF9B33B3F22F}.Debug|Any CPU.ActiveCfg = Debug|Any CPU
		{586CF688-4809-47E9-8FC2-AF9B33B3F22F}.Debug|Any CPU.Build.0 = Debug|Any CPU
		{586CF688-4809-47E9-8FC2-AF9B33B3F22F}.Release|Any CPU.ActiveCfg = Release|Any CPU
		{586CF688-4809-47E9-8FC2-AF9B33B3F22F}.Release|Any CPU.Build.0 = Release|Any CPU
	EndGlobalSection
	GlobalSection(SolutionProperties) = preSolution
		HideSolutionNode = FALSE
	EndGlobalSection
	GlobalSection(ExtensibilityGlobals) = postSolution
		SolutionGuid = {246AD20B-5AA4-4718-AE5D-292CB622AA77}
	EndGlobalSection
EndGlobal
