
Microsoft Visual Studio Solution File, Format Version 12.00
# Visual Studio Version 17
VisualStudioVersion = 17.2.32516.85
MinimumVisualStudioVersion = 10.0.40219.1
Project("{FAE04EC0-301F-11D3-BF4B-00C04F79EFBC}") = "06.NumberInRange", "06.NumberInRange\06.NumberInRange.csproj", "{3C66879A-8D5D-4C4E-93AD-13E332DAB191}"
EndProject
Global
	GlobalSection(SolutionConfigurationPlatforms) = preSolution
		Debug|Any CPU = Debug|Any CPU
		Release|Any CPU = Release|Any CPU
	EndGlobalSection
	GlobalSection(ProjectConfigurationPlatforms) = postSolution
		{3C66879A-8D5D-4C4E-93AD-13E332DAB191}.Debug|Any CPU.ActiveCfg = Debug|Any CPU
		{3C66879A-8D5D-4C4E-93AD-13E332DAB191}.Debug|Any CPU.Build.0 = Debug|Any CPU
		{3C66879A-8D5D-4C4E-93AD-13E332DAB191}.Release|Any CPU.ActiveCfg = Release|Any CPU
		{3C66879A-8D5D-4C4E-93AD-13E332DAB191}.Release|Any CPU.Build.0 = Release|Any CPU
	EndGlobalSection
	GlobalSection(SolutionProperties) = preSolution
		HideSolutionNode = FALSE
	EndGlobalSection
	GlobalSection(ExtensibilityGlobals) = postSolution
		SolutionGuid = {D70DC8B0-D9AB-4016-8A79-9FCCC4F0274F}
	EndGlobalSection
EndGlobal
