
Microsoft Visual Studio Solution File, Format Version 12.00
# Visual Studio Version 17
VisualStudioVersion = 17.2.32526.322
MinimumVisualStudioVersion = 10.0.40219.1
Project("{FAE04EC0-301F-11D3-BF4B-00C04F79EFBC}") = "01. Clock", "01. Clock\01. Clock.csproj", "{CAB3C52D-2F93-4776-B893-F7E7D69962FF}"
EndProject
Global
	GlobalSection(SolutionConfigurationPlatforms) = preSolution
		Debug|Any CPU = Debug|Any CPU
		Release|Any CPU = Release|Any CPU
	EndGlobalSection
	GlobalSection(ProjectConfigurationPlatforms) = postSolution
		{CAB3C52D-2F93-4776-B893-F7E7D69962FF}.Debug|Any CPU.ActiveCfg = Debug|Any CPU
		{CAB3C52D-2F93-4776-B893-F7E7D69962FF}.Debug|Any CPU.Build.0 = Debug|Any CPU
		{CAB3C52D-2F93-4776-B893-F7E7D69962FF}.Release|Any CPU.ActiveCfg = Release|Any CPU
		{CAB3C52D-2F93-4776-B893-F7E7D69962FF}.Release|Any CPU.Build.0 = Release|Any CPU
	EndGlobalSection
	GlobalSection(SolutionProperties) = preSolution
		HideSolutionNode = FALSE
	EndGlobalSection
	GlobalSection(ExtensibilityGlobals) = postSolution
		SolutionGuid = {CBFFDA53-BC6C-4E20-B8CE-A54F5EC36C58}
	EndGlobalSection
EndGlobal
