
Microsoft Visual Studio Solution File, Format Version 12.00
# Visual Studio Version 17
VisualStudioVersion = 17.2.32519.379
MinimumVisualStudioVersion = 10.0.40219.1
Project("{FAE04EC0-301F-11D3-BF4B-00C04F79EFBC}") = "03.NewHouse", "03.NewHouse\03.NewHouse.csproj", "{E4143585-E9FC-4B7D-8BD6-CCB9BDD4FDD2}"
EndProject
Global
	GlobalSection(SolutionConfigurationPlatforms) = preSolution
		Debug|Any CPU = Debug|Any CPU
		Release|Any CPU = Release|Any CPU
	EndGlobalSection
	GlobalSection(ProjectConfigurationPlatforms) = postSolution
		{E4143585-E9FC-4B7D-8BD6-CCB9BDD4FDD2}.Debug|Any CPU.ActiveCfg = Debug|Any CPU
		{E4143585-E9FC-4B7D-8BD6-CCB9BDD4FDD2}.Debug|Any CPU.Build.0 = Debug|Any CPU
		{E4143585-E9FC-4B7D-8BD6-CCB9BDD4FDD2}.Release|Any CPU.ActiveCfg = Release|Any CPU
		{E4143585-E9FC-4B7D-8BD6-CCB9BDD4FDD2}.Release|Any CPU.Build.0 = Release|Any CPU
	EndGlobalSection
	GlobalSection(SolutionProperties) = preSolution
		HideSolutionNode = FALSE
	EndGlobalSection
	GlobalSection(ExtensibilityGlobals) = postSolution
		SolutionGuid = {A885602C-FEF4-465C-93A3-C811DE7896FB}
	EndGlobalSection
EndGlobal
