
Microsoft Visual Studio Solution File, Format Version 12.00
# Visual Studio Version 17
VisualStudioVersion = 17.2.32602.215
MinimumVisualStudioVersion = 10.0.40219.1
Project("{FAE04EC0-301F-11D3-BF4B-00C04F79EFBC}") = "05. Hair Salon", "05. Hair Salon\05. Hair Salon.csproj", "{0F11B8DC-0514-4F35-9244-53ED97F73DB1}"
EndProject
Global
	GlobalSection(SolutionConfigurationPlatforms) = preSolution
		Debug|Any CPU = Debug|Any CPU
		Release|Any CPU = Release|Any CPU
	EndGlobalSection
	GlobalSection(ProjectConfigurationPlatforms) = postSolution
		{0F11B8DC-0514-4F35-9244-53ED97F73DB1}.Debug|Any CPU.ActiveCfg = Debug|Any CPU
		{0F11B8DC-0514-4F35-9244-53ED97F73DB1}.Debug|Any CPU.Build.0 = Debug|Any CPU
		{0F11B8DC-0514-4F35-9244-53ED97F73DB1}.Release|Any CPU.ActiveCfg = Release|Any CPU
		{0F11B8DC-0514-4F35-9244-53ED97F73DB1}.Release|Any CPU.Build.0 = Release|Any CPU
	EndGlobalSection
	GlobalSection(SolutionProperties) = preSolution
		HideSolutionNode = FALSE
	EndGlobalSection
	GlobalSection(ExtensibilityGlobals) = postSolution
		SolutionGuid = {41B2C2C2-98A3-44CB-9B28-EBEDB31B576E}
	EndGlobalSection
EndGlobal
