
Microsoft Visual Studio Solution File, Format Version 12.00
# Visual Studio Version 17
VisualStudioVersion = 17.2.32602.215
MinimumVisualStudioVersion = 10.0.40219.1
Project("{FAE04EC0-301F-11D3-BF4B-00C04F79EFBC}") = "08. On Time for the Exam", "08. On Time for the Exam\08. On Time for the Exam.csproj", "{1341574F-2123-4CDC-A74F-1EF581A9FC3C}"
EndProject
Global
	GlobalSection(SolutionConfigurationPlatforms) = preSolution
		Debug|Any CPU = Debug|Any CPU
		Release|Any CPU = Release|Any CPU
	EndGlobalSection
	GlobalSection(ProjectConfigurationPlatforms) = postSolution
		{1341574F-2123-4CDC-A74F-1EF581A9FC3C}.Debug|Any CPU.ActiveCfg = Debug|Any CPU
		{1341574F-2123-4CDC-A74F-1EF581A9FC3C}.Debug|Any CPU.Build.0 = Debug|Any CPU
		{1341574F-2123-4CDC-A74F-1EF581A9FC3C}.Release|Any CPU.ActiveCfg = Release|Any CPU
		{1341574F-2123-4CDC-A74F-1EF581A9FC3C}.Release|Any CPU.Build.0 = Release|Any CPU
	EndGlobalSection
	GlobalSection(SolutionProperties) = preSolution
		HideSolutionNode = FALSE
	EndGlobalSection
	GlobalSection(ExtensibilityGlobals) = postSolution
		SolutionGuid = {07FBE221-E40C-4AE6-9345-0D48AB890ABE}
	EndGlobalSection
EndGlobal
