
Microsoft Visual Studio Solution File, Format Version 12.00
# Visual Studio Version 17
VisualStudioVersion = 17.2.32526.322
MinimumVisualStudioVersion = 10.0.40219.1
Project("{FAE04EC0-301F-11D3-BF4B-00C04F79EFBC}") = "07. Trekking Mania", "07. Trekking Mania\07. Trekking Mania.csproj", "{743B72F1-C971-4FC5-80BD-8E45EBD0F641}"
EndProject
Global
	GlobalSection(SolutionConfigurationPlatforms) = preSolution
		Debug|Any CPU = Debug|Any CPU
		Release|Any CPU = Release|Any CPU
	EndGlobalSection
	GlobalSection(ProjectConfigurationPlatforms) = postSolution
		{743B72F1-C971-4FC5-80BD-8E45EBD0F641}.Debug|Any CPU.ActiveCfg = Debug|Any CPU
		{743B72F1-C971-4FC5-80BD-8E45EBD0F641}.Debug|Any CPU.Build.0 = Debug|Any CPU
		{743B72F1-C971-4FC5-80BD-8E45EBD0F641}.Release|Any CPU.ActiveCfg = Release|Any CPU
		{743B72F1-C971-4FC5-80BD-8E45EBD0F641}.Release|Any CPU.Build.0 = Release|Any CPU
	EndGlobalSection
	GlobalSection(SolutionProperties) = preSolution
		HideSolutionNode = FALSE
	EndGlobalSection
	GlobalSection(ExtensibilityGlobals) = postSolution
		SolutionGuid = {7C5F414B-D51E-4C56-9D29-9038086C5BB5}
	EndGlobalSection
EndGlobal
