
Microsoft Visual Studio Solution File, Format Version 12.00
# Visual Studio Version 17
VisualStudioVersion = 17.2.32602.215
MinimumVisualStudioVersion = 10.0.40219.1
Project("{FAE04EC0-301F-11D3-BF4B-00C04F79EFBC}") = "06. Easter Competition", "06. Easter Competition\06. Easter Competition.csproj", "{A737BCF2-41D9-4147-9A59-85E485997565}"
EndProject
Global
	GlobalSection(SolutionConfigurationPlatforms) = preSolution
		Debug|Any CPU = Debug|Any CPU
		Release|Any CPU = Release|Any CPU
	EndGlobalSection
	GlobalSection(ProjectConfigurationPlatforms) = postSolution
		{A737BCF2-41D9-4147-9A59-85E485997565}.Debug|Any CPU.ActiveCfg = Debug|Any CPU
		{A737BCF2-41D9-4147-9A59-85E485997565}.Debug|Any CPU.Build.0 = Debug|Any CPU
		{A737BCF2-41D9-4147-9A59-85E485997565}.Release|Any CPU.ActiveCfg = Release|Any CPU
		{A737BCF2-41D9-4147-9A59-85E485997565}.Release|Any CPU.Build.0 = Release|Any CPU
	EndGlobalSection
	GlobalSection(SolutionProperties) = preSolution
		HideSolutionNode = FALSE
	EndGlobalSection
	GlobalSection(ExtensibilityGlobals) = postSolution
		SolutionGuid = {1774772E-226C-43EA-8ADA-CC1981D8FFCE}
	EndGlobalSection
EndGlobal
