
Microsoft Visual Studio Solution File, Format Version 12.00
# Visual Studio Version 17
VisualStudioVersion = 17.2.32602.215
MinimumVisualStudioVersion = 10.0.40219.1
Project("{FAE04EC0-301F-11D3-BF4B-00C04F79EFBC}") = "05. Care of Puppy", "05. Care of Puppy\05. Care of Puppy.csproj", "{C42066F8-7D8F-4E45-9413-91A1C052EAC3}"
EndProject
Global
	GlobalSection(SolutionConfigurationPlatforms) = preSolution
		Debug|Any CPU = Debug|Any CPU
		Release|Any CPU = Release|Any CPU
	EndGlobalSection
	GlobalSection(ProjectConfigurationPlatforms) = postSolution
		{C42066F8-7D8F-4E45-9413-91A1C052EAC3}.Debug|Any CPU.ActiveCfg = Debug|Any CPU
		{C42066F8-7D8F-4E45-9413-91A1C052EAC3}.Debug|Any CPU.Build.0 = Debug|Any CPU
		{C42066F8-7D8F-4E45-9413-91A1C052EAC3}.Release|Any CPU.ActiveCfg = Release|Any CPU
		{C42066F8-7D8F-4E45-9413-91A1C052EAC3}.Release|Any CPU.Build.0 = Release|Any CPU
	EndGlobalSection
	GlobalSection(SolutionProperties) = preSolution
		HideSolutionNode = FALSE
	EndGlobalSection
	GlobalSection(ExtensibilityGlobals) = postSolution
		SolutionGuid = {485489D9-794E-4644-B038-EBEE83392C66}
	EndGlobalSection
EndGlobal
